
Microsoft Visual Studio Solution File, Format Version 12.00
# Visual Studio 15
Project("{FAE04EC0-301F-11D3-BF4B-00C04F79EFBC}") = "Assembly-CSharp", "Assembly-CSharp.csproj", "{33447F1F-902F-1DFA-8CA9-B8206DE5A816}"
EndProject
Global
	GlobalSection(SolutionConfigurationPlatforms) = preSolution
		Debug|Any CPU = Debug|Any CPU
		Release|Any CPU = Release|Any CPU
	EndGlobalSection
	GlobalSection(ProjectConfigurationPlatforms) = postSolution
		{33447F1F-902F-1DFA-8CA9-B8206DE5A816}.Debug|Any CPU.ActiveCfg = Debug|Any CPU
		{33447F1F-902F-1DFA-8CA9-B8206DE5A816}.Debug|Any CPU.Build.0 = Debug|Any CPU
		{33447F1F-902F-1DFA-8CA9-B8206DE5A816}.Release|Any CPU.ActiveCfg = Release|Any CPU
		{33447F1F-902F-1DFA-8CA9-B8206DE5A816}.Release|Any CPU.Build.0 = Release|Any CPU
	EndGlobalSection
	GlobalSection(SolutionProperties) = preSolution
		HideSolutionNode = FALSE
	EndGlobalSection
EndGlobal
